
Microsoft Visual Studio Solution File, Format Version 12.00
# Visual Studio Version 17
VisualStudioVersion = 17.1.32210.238
MinimumVisualStudioVersion = 10.0.40219.1
Project("{FAE04EC0-301F-11D3-BF4B-00C04F79EFBC}") = "Perfect Numbers", "Perfect Numbers\Perfect Numbers.csproj", "{46258AD5-4921-4F78-A8F4-00A7269C28BF}"
EndProject
Global
	GlobalSection(SolutionConfigurationPlatforms) = preSolution
		Debug|Any CPU = Debug|Any CPU
		Release|Any CPU = Release|Any CPU
	EndGlobalSection
	GlobalSection(ProjectConfigurationPlatforms) = postSolution
		{46258AD5-4921-4F78-A8F4-00A7269C28BF}.Debug|Any CPU.ActiveCfg = Debug|Any CPU
		{46258AD5-4921-4F78-A8F4-00A7269C28BF}.Debug|Any CPU.Build.0 = Debug|Any CPU
		{46258AD5-4921-4F78-A8F4-00A7269C28BF}.Release|Any CPU.ActiveCfg = Release|Any CPU
		{46258AD5-4921-4F78-A8F4-00A7269C28BF}.Release|Any CPU.Build.0 = Release|Any CPU
	EndGlobalSection
	GlobalSection(SolutionProperties) = preSolution
		HideSolutionNode = FALSE
	EndGlobalSection
	GlobalSection(ExtensibilityGlobals) = postSolution
		SolutionGuid = {2D460CFA-15AB-45CF-B3F9-EA719E84E80E}
	EndGlobalSection
EndGlobal
